
Microsoft Visual Studio Solution File, Format Version 12.00
# Visual Studio Version 17
VisualStudioVersion = 17.10.35122.118
MinimumVisualStudioVersion = 10.0.40219.1
Project("{FAE04EC0-301F-11D3-BF4B-00C04F79EFBC}") = "FibonacciSequence", "FibonacciSequence\FibonacciSequence.csproj", "{12C7F154-5BF3-4029-9B91-A6908B1B9681}"
EndProject
Project("{FAE04EC0-301F-11D3-BF4B-00C04F79EFBC}") = "FibonacciSequenceTest", "FibonacciSequenceTest\FibonacciSequenceTest.csproj", "{E3E93BB6-FF4C-4783-B1A3-3CA1BB93884A}"
EndProject
Global
	GlobalSection(SolutionConfigurationPlatforms) = preSolution
		Debug|Any CPU = Debug|Any CPU
		Release|Any CPU = Release|Any CPU
	EndGlobalSection
	GlobalSection(ProjectConfigurationPlatforms) = postSolution
		{12C7F154-5BF3-4029-9B91-A6908B1B9681}.Debug|Any CPU.ActiveCfg = Debug|Any CPU
		{12C7F154-5BF3-4029-9B91-A6908B1B9681}.Debug|Any CPU.Build.0 = Debug|Any CPU
		{12C7F154-5BF3-4029-9B91-A6908B1B9681}.Release|Any CPU.ActiveCfg = Release|Any CPU
		{12C7F154-5BF3-4029-9B91-A6908B1B9681}.Release|Any CPU.Build.0 = Release|Any CPU
		{E3E93BB6-FF4C-4783-B1A3-3CA1BB93884A}.Debug|Any CPU.ActiveCfg = Debug|Any CPU
		{E3E93BB6-FF4C-4783-B1A3-3CA1BB93884A}.Debug|Any CPU.Build.0 = Debug|Any CPU
		{E3E93BB6-FF4C-4783-B1A3-3CA1BB93884A}.Release|Any CPU.ActiveCfg = Release|Any CPU
		{E3E93BB6-FF4C-4783-B1A3-3CA1BB93884A}.Release|Any CPU.Build.0 = Release|Any CPU
	EndGlobalSection
	GlobalSection(SolutionProperties) = preSolution
		HideSolutionNode = FALSE
	EndGlobalSection
	GlobalSection(ExtensibilityGlobals) = postSolution
		SolutionGuid = {166AD8CF-88C3-4B10-A496-E4E6058571EA}
	EndGlobalSection
EndGlobal
